
Microsoft Visual Studio Solution File, Format Version 12.00
# Visual Studio Version 17
VisualStudioVersion = 17.10.35013.160
MinimumVisualStudioVersion = 10.0.40219.1
Project("{FAE04EC0-301F-11D3-BF4B-00C04F79EFBC}") = "Topic 1- The basics", "Topic 1- The basics\Topic 1- The basics.csproj", "{BA7D1753-F469-46E9-B4A7-667135D751F9}"
EndProject
Global
	GlobalSection(SolutionConfigurationPlatforms) = preSolution
		Debug|Any CPU = Debug|Any CPU
		Release|Any CPU = Release|Any CPU
	EndGlobalSection
	GlobalSection(ProjectConfigurationPlatforms) = postSolution
		{BA7D1753-F469-46E9-B4A7-667135D751F9}.Debug|Any CPU.ActiveCfg = Debug|Any CPU
		{BA7D1753-F469-46E9-B4A7-667135D751F9}.Debug|Any CPU.Build.0 = Debug|Any CPU
		{BA7D1753-F469-46E9-B4A7-667135D751F9}.Release|Any CPU.ActiveCfg = Release|Any CPU
		{BA7D1753-F469-46E9-B4A7-667135D751F9}.Release|Any CPU.Build.0 = Release|Any CPU
	EndGlobalSection
	GlobalSection(SolutionProperties) = preSolution
		HideSolutionNode = FALSE
	EndGlobalSection
	GlobalSection(ExtensibilityGlobals) = postSolution
		SolutionGuid = {92995143-1275-4F43-B604-4030FB186C35}
	EndGlobalSection
EndGlobal
